
Microsoft Visual Studio Solution File, Format Version 12.00
Project("{2150E333-8FDC-42A3-9474-1A3956D46DE8}") = "Services", "Services", "{3BBAA875-8523-4CEB-93FE-52542802D9F6}"
EndProject
Project("{2150E333-8FDC-42A3-9474-1A3956D46DE8}") = "Catalog", "Catalog", "{3B9D6B60-2EF3-4440-B7DE-C924F507B7A5}"
EndProject
Project("{FAE04EC0-301F-11D3-BF4B-00C04F79EFBC}") = "Catalog.API", "Services\Catalog\Catalog.API\Catalog.API.csproj", "{B8042268-79B4-4CD3-8A87-F0F51ABD9FE3}"
EndProject
Project("{2150E333-8FDC-42A3-9474-1A3956D46DE8}") = "BuildingBlocks", "BuildingBlocks", "{3E09493C-F5A3-4F5B-A8CB-5C12F77E58E0}"
EndProject
Project("{FAE04EC0-301F-11D3-BF4B-00C04F79EFBC}") = "BuildingBlocks", "BuildingBlocks\BuildingBlocks\BuildingBlocks.csproj", "{2E00A1F9-5E4D-4A6F-8492-30CB320E2A1E}"
EndProject
Project("{2150E333-8FDC-42A3-9474-1A3956D46DE8}") = "Solution Items", "Solution Items", "{861EC7B8-9D73-4159-B70D-1E0A5808FD71}"
	ProjectSection(SolutionItems) = preProject
		docker-compose.yml = docker-compose.yml
	EndProjectSection
EndProject
Project("{2150E333-8FDC-42A3-9474-1A3956D46DE8}") = "Basket", "Basket", "{BBFBD3E7-9C0D-496C-BB6D-917482E4C690}"
EndProject
Project("{FAE04EC0-301F-11D3-BF4B-00C04F79EFBC}") = "Basket.API", "Services\Basket\Basket.API\Basket.API.csproj", "{49F44FFB-EEBC-4A65-9C88-C55D12666E49}"
EndProject
Project("{2150E333-8FDC-42A3-9474-1A3956D46DE8}") = "Discount", "Discount", "{85B36F02-D985-442D-82FB-C7E8B93FE8D0}"
EndProject
Project("{FAE04EC0-301F-11D3-BF4B-00C04F79EFBC}") = "Discount.Grpc", "Services\Discount\Discount.Grpc\Discount.Grpc.csproj", "{0422C619-4C93-4219-A37F-724691760788}"
EndProject
Project("{2150E333-8FDC-42A3-9474-1A3956D46DE8}") = "Ordering", "Ordering", "{BF606B0C-F045-44A0-B276-E308F3F6CD3E}"
EndProject
Project("{FAE04EC0-301F-11D3-BF4B-00C04F79EFBC}") = "Ordering.API", "Services\Ordering\Ordering.API\Ordering.API.csproj", "{36DE124B-45A6-43AE-A663-F8FD405AD6E5}"
EndProject
Project("{FAE04EC0-301F-11D3-BF4B-00C04F79EFBC}") = "Ordering.Domain", "Services\Ordering\Ordering.Domain\Ordering.Domain.csproj", "{D5253621-2C9D-49A3-8E9D-8CA104EFEEE1}"
EndProject
Project("{FAE04EC0-301F-11D3-BF4B-00C04F79EFBC}") = "Ordering.Application", "Services\Ordering\Ordering.Application\Ordering.Application.csproj", "{324FD12B-ACD5-4BAC-8FD6-B0A7A8574B2E}"
EndProject
Project("{FAE04EC0-301F-11D3-BF4B-00C04F79EFBC}") = "Ordering.Infrastructure", "Services\Ordering\Ordering.Infrastructure\Ordering.Infrastructure.csproj", "{FE23E0B2-E03D-42ED-A70C-E3D8F7CEF309}"
EndProject
Project("{FAE04EC0-301F-11D3-BF4B-00C04F79EFBC}") = "BuildingBlocks.Messaging", "BuildingBlocks\BuildingBlocks.Messaging\BuildingBlocks.Messaging.csproj", "{CFD77355-D9D5-4938-9239-9C88D774362B}"
EndProject
Project("{2150E333-8FDC-42A3-9474-1A3956D46DE8}") = "ApiGateway", "ApiGateway", "{82EE72C6-F3F0-4D54-A808-BB6EC0C99C22}"
EndProject
Project("{FAE04EC0-301F-11D3-BF4B-00C04F79EFBC}") = "YarpApiGateway", "ApiGateway\YarpApiGateway\YarpApiGateway.csproj", "{CA95F3F5-4B41-41AC-8D43-618434C53370}"
EndProject
Global
	GlobalSection(SolutionConfigurationPlatforms) = preSolution
		Debug|Any CPU = Debug|Any CPU
		Release|Any CPU = Release|Any CPU
	EndGlobalSection
	GlobalSection(NestedProjects) = preSolution
		{3B9D6B60-2EF3-4440-B7DE-C924F507B7A5} = {3BBAA875-8523-4CEB-93FE-52542802D9F6}
		{B8042268-79B4-4CD3-8A87-F0F51ABD9FE3} = {3B9D6B60-2EF3-4440-B7DE-C924F507B7A5}
		{2E00A1F9-5E4D-4A6F-8492-30CB320E2A1E} = {3E09493C-F5A3-4F5B-A8CB-5C12F77E58E0}
		{BBFBD3E7-9C0D-496C-BB6D-917482E4C690} = {3BBAA875-8523-4CEB-93FE-52542802D9F6}
		{49F44FFB-EEBC-4A65-9C88-C55D12666E49} = {BBFBD3E7-9C0D-496C-BB6D-917482E4C690}
		{85B36F02-D985-442D-82FB-C7E8B93FE8D0} = {3BBAA875-8523-4CEB-93FE-52542802D9F6}
		{0422C619-4C93-4219-A37F-724691760788} = {85B36F02-D985-442D-82FB-C7E8B93FE8D0}
		{BF606B0C-F045-44A0-B276-E308F3F6CD3E} = {3BBAA875-8523-4CEB-93FE-52542802D9F6}
		{36DE124B-45A6-43AE-A663-F8FD405AD6E5} = {BF606B0C-F045-44A0-B276-E308F3F6CD3E}
		{D5253621-2C9D-49A3-8E9D-8CA104EFEEE1} = {BF606B0C-F045-44A0-B276-E308F3F6CD3E}
		{324FD12B-ACD5-4BAC-8FD6-B0A7A8574B2E} = {BF606B0C-F045-44A0-B276-E308F3F6CD3E}
		{FE23E0B2-E03D-42ED-A70C-E3D8F7CEF309} = {BF606B0C-F045-44A0-B276-E308F3F6CD3E}
		{CFD77355-D9D5-4938-9239-9C88D774362B} = {3E09493C-F5A3-4F5B-A8CB-5C12F77E58E0}
		{CA95F3F5-4B41-41AC-8D43-618434C53370} = {82EE72C6-F3F0-4D54-A808-BB6EC0C99C22}
	EndGlobalSection
	GlobalSection(ProjectConfigurationPlatforms) = postSolution
		{B8042268-79B4-4CD3-8A87-F0F51ABD9FE3}.Debug|Any CPU.ActiveCfg = Debug|Any CPU
		{B8042268-79B4-4CD3-8A87-F0F51ABD9FE3}.Debug|Any CPU.Build.0 = Debug|Any CPU
		{B8042268-79B4-4CD3-8A87-F0F51ABD9FE3}.Release|Any CPU.ActiveCfg = Release|Any CPU
		{B8042268-79B4-4CD3-8A87-F0F51ABD9FE3}.Release|Any CPU.Build.0 = Release|Any CPU
		{2E00A1F9-5E4D-4A6F-8492-30CB320E2A1E}.Debug|Any CPU.ActiveCfg = Debug|Any CPU
		{2E00A1F9-5E4D-4A6F-8492-30CB320E2A1E}.Debug|Any CPU.Build.0 = Debug|Any CPU
		{2E00A1F9-5E4D-4A6F-8492-30CB320E2A1E}.Release|Any CPU.ActiveCfg = Release|Any CPU
		{2E00A1F9-5E4D-4A6F-8492-30CB320E2A1E}.Release|Any CPU.Build.0 = Release|Any CPU
		{49F44FFB-EEBC-4A65-9C88-C55D12666E49}.Debug|Any CPU.ActiveCfg = Debug|Any CPU
		{49F44FFB-EEBC-4A65-9C88-C55D12666E49}.Debug|Any CPU.Build.0 = Debug|Any CPU
		{49F44FFB-EEBC-4A65-9C88-C55D12666E49}.Release|Any CPU.ActiveCfg = Release|Any CPU
		{49F44FFB-EEBC-4A65-9C88-C55D12666E49}.Release|Any CPU.Build.0 = Release|Any CPU
		{0422C619-4C93-4219-A37F-724691760788}.Debug|Any CPU.ActiveCfg = Debug|Any CPU
		{0422C619-4C93-4219-A37F-724691760788}.Debug|Any CPU.Build.0 = Debug|Any CPU
		{0422C619-4C93-4219-A37F-724691760788}.Release|Any CPU.ActiveCfg = Release|Any CPU
		{0422C619-4C93-4219-A37F-724691760788}.Release|Any CPU.Build.0 = Release|Any CPU
		{36DE124B-45A6-43AE-A663-F8FD405AD6E5}.Debug|Any CPU.ActiveCfg = Debug|Any CPU
		{36DE124B-45A6-43AE-A663-F8FD405AD6E5}.Debug|Any CPU.Build.0 = Debug|Any CPU
		{36DE124B-45A6-43AE-A663-F8FD405AD6E5}.Release|Any CPU.ActiveCfg = Release|Any CPU
		{36DE124B-45A6-43AE-A663-F8FD405AD6E5}.Release|Any CPU.Build.0 = Release|Any CPU
		{D5253621-2C9D-49A3-8E9D-8CA104EFEEE1}.Debug|Any CPU.ActiveCfg = Debug|Any CPU
		{D5253621-2C9D-49A3-8E9D-8CA104EFEEE1}.Debug|Any CPU.Build.0 = Debug|Any CPU
		{D5253621-2C9D-49A3-8E9D-8CA104EFEEE1}.Release|Any CPU.ActiveCfg = Release|Any CPU
		{D5253621-2C9D-49A3-8E9D-8CA104EFEEE1}.Release|Any CPU.Build.0 = Release|Any CPU
		{324FD12B-ACD5-4BAC-8FD6-B0A7A8574B2E}.Debug|Any CPU.ActiveCfg = Debug|Any CPU
		{324FD12B-ACD5-4BAC-8FD6-B0A7A8574B2E}.Debug|Any CPU.Build.0 = Debug|Any CPU
		{324FD12B-ACD5-4BAC-8FD6-B0A7A8574B2E}.Release|Any CPU.ActiveCfg = Release|Any CPU
		{324FD12B-ACD5-4BAC-8FD6-B0A7A8574B2E}.Release|Any CPU.Build.0 = Release|Any CPU
		{FE23E0B2-E03D-42ED-A70C-E3D8F7CEF309}.Debug|Any CPU.ActiveCfg = Debug|Any CPU
		{FE23E0B2-E03D-42ED-A70C-E3D8F7CEF309}.Debug|Any CPU.Build.0 = Debug|Any CPU
		{FE23E0B2-E03D-42ED-A70C-E3D8F7CEF309}.Release|Any CPU.ActiveCfg = Release|Any CPU
		{FE23E0B2-E03D-42ED-A70C-E3D8F7CEF309}.Release|Any CPU.Build.0 = Release|Any CPU
		{CFD77355-D9D5-4938-9239-9C88D774362B}.Debug|Any CPU.ActiveCfg = Debug|Any CPU
		{CFD77355-D9D5-4938-9239-9C88D774362B}.Debug|Any CPU.Build.0 = Debug|Any CPU
		{CFD77355-D9D5-4938-9239-9C88D774362B}.Release|Any CPU.ActiveCfg = Release|Any CPU
		{CFD77355-D9D5-4938-9239-9C88D774362B}.Release|Any CPU.Build.0 = Release|Any CPU
		{CA95F3F5-4B41-41AC-8D43-618434C53370}.Debug|Any CPU.ActiveCfg = Debug|Any CPU
		{CA95F3F5-4B41-41AC-8D43-618434C53370}.Debug|Any CPU.Build.0 = Debug|Any CPU
		{CA95F3F5-4B41-41AC-8D43-618434C53370}.Release|Any CPU.ActiveCfg = Release|Any CPU
		{CA95F3F5-4B41-41AC-8D43-618434C53370}.Release|Any CPU.Build.0 = Release|Any CPU
	EndGlobalSection
EndGlobal
